{
  "name": "nex-crm-property-service",
  "version": "0.1.0",
  "lockfileVersion": 3,
  "requires": true,
  "packages": {
    "": {
      "name": "nex-crm-property-service",
      "version": "0.1.0",
      "dependencies": {
        "dotenv": "^17.2.3",
        "express": "^4.21.2"
      }
    },
    "node_modules/dotenv": {
      "version": "17.2.3",
      "resolved": "https://registry.npmjs.org/dotenv/-/dotenv-17.2.3.tgz",
      "integrity": "sha512-+ALZPnlqd2D3p2TvvuM3MVx8ZRB86pFAgfNdhI3IfWjYH7AnxD8HOsxJKEbgeasYk60Eig+tfla5qAYG3O8Tzw=="
    },
    "node_modules/express": {
      "version": "4.21.2",
      "resolved": "https://registry.npmjs.org/express/-/express-4.21.2.tgz",
      "integrity": "sha512-wE0l7AeZqtuIfWZWMxcjrIY1ztFhCW66/0Qh2Kq1U3gqUWZpChBgbuQdxrUE7bw8cMRSbxi+O/Tbj4DZpW4eIQ=="
    }
  },
  "dependencies": {
    "dotenv": {
      "version": "17.2.3",
      "resolved": "https://registry.npmjs.org/dotenv/-/dotenv-17.2.3.tgz",
      "integrity": "sha512-+ALZPnlqd2D3p2TvvuM3MVx8ZRB86pFAgfNdhI3IfWjYH7AnxD8HOsxJKEbgeasYk60Eig+tfla5qAYG3O8Tzw=="
    },
    "express": {
      "version": "4.21.2",
      "resolved": "https://registry.npmjs.org/express/-/express-4.21.2.tgz",
      "integrity": "sha512-wE0l7AeZqtuIfWZWMxcjrIY1ztFhCW66/0Qh2Kq1U3gqUWZpChBgbuQdxrUE7bw8cMRSbxi+O/Tbj4DZpW4eIQ=="
    }
  }
}
